
Microsoft Visual Studio Solution File, Format Version 12.00
# Visual Studio 15
VisualStudioVersion = 15.0.27703.2047
MinimumVisualStudioVersion = 10.0.40219.1
Project("{FAE04EC0-301F-11D3-BF4B-00C04F79EFBC}") = "Views", "Views\Views.csproj", "{F025187B-BB34-4ABC-8B17-610834211F68}"
EndProject
Project("{FAE04EC0-301F-11D3-BF4B-00C04F79EFBC}") = "Repositorys", "Repositorys\Repositorys.csproj", "{62E069D5-A5C6-4D76-8198-B3A6A0E27706}"
EndProject
Project("{FAE04EC0-301F-11D3-BF4B-00C04F79EFBC}") = "Models", "Models\Models.csproj", "{650CE2F4-3D92-4FA5-A9A0-070F7E40037B}"
EndProject
Project("{FAE04EC0-301F-11D3-BF4B-00C04F79EFBC}") = "Domains", "UserInfoDomain\Domains.csproj", "{BC2F77D8-D9AF-4B67-A5EA-B43C8EE565A9}"
EndProject
Project("{FAE04EC0-301F-11D3-BF4B-00C04F79EFBC}") = "ConvertClassTests", "ConvertClassTests\ConvertClassTests.csproj", "{A32CC87F-FA50-4753-BB67-4F5311445388}"
EndProject
Project("{FAE04EC0-301F-11D3-BF4B-00C04F79EFBC}") = "ProjectUtils", "ProjectUtils\ProjectUtils.csproj", "{B787C662-CA29-407D-8E57-848BE8C191AA}"
EndProject
Global
	GlobalSection(SolutionConfigurationPlatforms) = preSolution
		Debug|Any CPU = Debug|Any CPU
		Release|Any CPU = Release|Any CPU
	EndGlobalSection
	GlobalSection(ProjectConfigurationPlatforms) = postSolution
		{F025187B-BB34-4ABC-8B17-610834211F68}.Debug|Any CPU.ActiveCfg = Debug|Any CPU
		{F025187B-BB34-4ABC-8B17-610834211F68}.Debug|Any CPU.Build.0 = Debug|Any CPU
		{F025187B-BB34-4ABC-8B17-610834211F68}.Release|Any CPU.ActiveCfg = Release|Any CPU
		{F025187B-BB34-4ABC-8B17-610834211F68}.Release|Any CPU.Build.0 = Release|Any CPU
		{62E069D5-A5C6-4D76-8198-B3A6A0E27706}.Debug|Any CPU.ActiveCfg = Debug|Any CPU
		{62E069D5-A5C6-4D76-8198-B3A6A0E27706}.Debug|Any CPU.Build.0 = Debug|Any CPU
		{62E069D5-A5C6-4D76-8198-B3A6A0E27706}.Release|Any CPU.ActiveCfg = Release|Any CPU
		{62E069D5-A5C6-4D76-8198-B3A6A0E27706}.Release|Any CPU.Build.0 = Release|Any CPU
		{650CE2F4-3D92-4FA5-A9A0-070F7E40037B}.Debug|Any CPU.ActiveCfg = Debug|Any CPU
		{650CE2F4-3D92-4FA5-A9A0-070F7E40037B}.Debug|Any CPU.Build.0 = Debug|Any CPU
		{650CE2F4-3D92-4FA5-A9A0-070F7E40037B}.Release|Any CPU.ActiveCfg = Release|Any CPU
		{650CE2F4-3D92-4FA5-A9A0-070F7E40037B}.Release|Any CPU.Build.0 = Release|Any CPU
		{BC2F77D8-D9AF-4B67-A5EA-B43C8EE565A9}.Debug|Any CPU.ActiveCfg = Debug|Any CPU
		{BC2F77D8-D9AF-4B67-A5EA-B43C8EE565A9}.Debug|Any CPU.Build.0 = Debug|Any CPU
		{BC2F77D8-D9AF-4B67-A5EA-B43C8EE565A9}.Release|Any CPU.ActiveCfg = Release|Any CPU
		{BC2F77D8-D9AF-4B67-A5EA-B43C8EE565A9}.Release|Any CPU.Build.0 = Release|Any CPU
		{A32CC87F-FA50-4753-BB67-4F5311445388}.Debug|Any CPU.ActiveCfg = Debug|Any CPU
		{A32CC87F-FA50-4753-BB67-4F5311445388}.Debug|Any CPU.Build.0 = Debug|Any CPU
		{A32CC87F-FA50-4753-BB67-4F5311445388}.Release|Any CPU.ActiveCfg = Release|Any CPU
		{A32CC87F-FA50-4753-BB67-4F5311445388}.Release|Any CPU.Build.0 = Release|Any CPU
		{B787C662-CA29-407D-8E57-848BE8C191AA}.Debug|Any CPU.ActiveCfg = Debug|Any CPU
		{B787C662-CA29-407D-8E57-848BE8C191AA}.Debug|Any CPU.Build.0 = Debug|Any CPU
		{B787C662-CA29-407D-8E57-848BE8C191AA}.Release|Any CPU.ActiveCfg = Release|Any CPU
		{B787C662-CA29-407D-8E57-848BE8C191AA}.Release|Any CPU.Build.0 = Release|Any CPU
	EndGlobalSection
	GlobalSection(SolutionProperties) = preSolution
		HideSolutionNode = FALSE
	EndGlobalSection
	GlobalSection(ExtensibilityGlobals) = postSolution
		SolutionGuid = {AAAFC828-691B-4F53-A903-EB1AF8A5CF0D}
	EndGlobalSection
EndGlobal
